# This file is autogenerated, do not edit; changes may be undone by the next 'dep ensure'.


[[projects]]
  branch = "master"
  digest = "1:5a997a60e607521ef08093b64cb73d188039d677d5bb24c750c9e4bae0d25f4c"
  name = "github.com/StephanDollberg/go-json-rest-middleware-jwt"
  packages = ["."]
  pruneopts = "UT"
  revision = "be2a0500d9b32741c6823e55c27b4a79151272eb"

[[projects]]
  digest = "1:baab02a9f8f46ac64bed54bc4bfffc6654080cbb183614eb3278a6170d6060fd"
  name = "github.com/ant0ine/go-json-rest"
  packages = [
    "rest",
    "rest/trie",
  ]
  pruneopts = "UT"
  revision = "ce4b71cdf7ba29ef443d704bd923f5bbf281ee30"
  version = "v3.3.2"

[[projects]]
  digest = "1:76dc72490af7174349349838f2fe118996381b31ea83243812a97e5a0fd5ed55"
  name = "github.com/dgrijalva/jwt-go"
  packages = ["."]
  pruneopts = "UT"
  revision = "06ea1031745cb8b3dab3f6a236daf2b0aa468b7e"
  version = "v3.2.0"

[solve-meta]
  analyzer-name = "dep"
  analyzer-version = 1
  input-imports = [
    "github.com/StephanDollberg/go-json-rest-middleware-jwt",
    "github.com/ant0ine/go-json-rest/rest",
  ]
  solver-name = "gps-cdcl"
  solver-version = 1
